
Microsoft Visual Studio Solution File, Format Version 12.00
# Visual Studio Version 17
VisualStudioVersion = 17.0.32112.339
MinimumVisualStudioVersion = 10.0.40219.1
Project("{FAE04EC0-301F-11D3-BF4B-00C04F79EFBC}") = "DelegatesHandsOnPractice", "DelegatesHandsOnPractice\DelegatesHandsOnPractice.csproj", "{5627D46C-52CD-4505-8977-BFAECEE4EB97}"
EndProject
Global
	GlobalSection(SolutionConfigurationPlatforms) = preSolution
		Debug|Any CPU = Debug|Any CPU
		Release|Any CPU = Release|Any CPU
	EndGlobalSection
	GlobalSection(ProjectConfigurationPlatforms) = postSolution
		{5627D46C-52CD-4505-8977-BFAECEE4EB97}.Debug|Any CPU.ActiveCfg = Debug|Any CPU
		{5627D46C-52CD-4505-8977-BFAECEE4EB97}.Debug|Any CPU.Build.0 = Debug|Any CPU
		{5627D46C-52CD-4505-8977-BFAECEE4EB97}.Release|Any CPU.ActiveCfg = Release|Any CPU
		{5627D46C-52CD-4505-8977-BFAECEE4EB97}.Release|Any CPU.Build.0 = Release|Any CPU
	EndGlobalSection
	GlobalSection(SolutionProperties) = preSolution
		HideSolutionNode = FALSE
	EndGlobalSection
	GlobalSection(ExtensibilityGlobals) = postSolution
		SolutionGuid = {C6818D25-8744-459A-AA4D-56BA28AEC484}
	EndGlobalSection
EndGlobal
