
Microsoft Visual Studio Solution File, Format Version 12.00
# Visual Studio Version 17
VisualStudioVersion = 17.0.32112.339
MinimumVisualStudioVersion = 10.0.40219.1
Project("{FAE04EC0-301F-11D3-BF4B-00C04F79EFBC}") = "SalesTracker", "SalesTracker\SalesTracker.csproj", "{4EB53287-4457-40A1-AB9F-7B49612FD8BF}"
EndProject
Global
	GlobalSection(SolutionConfigurationPlatforms) = preSolution
		Debug|Any CPU = Debug|Any CPU
		Release|Any CPU = Release|Any CPU
	EndGlobalSection
	GlobalSection(ProjectConfigurationPlatforms) = postSolution
		{4EB53287-4457-40A1-AB9F-7B49612FD8BF}.Debug|Any CPU.ActiveCfg = Debug|Any CPU
		{4EB53287-4457-40A1-AB9F-7B49612FD8BF}.Debug|Any CPU.Build.0 = Debug|Any CPU
		{4EB53287-4457-40A1-AB9F-7B49612FD8BF}.Release|Any CPU.ActiveCfg = Release|Any CPU
		{4EB53287-4457-40A1-AB9F-7B49612FD8BF}.Release|Any CPU.Build.0 = Release|Any CPU
	EndGlobalSection
	GlobalSection(SolutionProperties) = preSolution
		HideSolutionNode = FALSE
	EndGlobalSection
	GlobalSection(ExtensibilityGlobals) = postSolution
		SolutionGuid = {1A42DA68-E8EE-4700-8A51-FED2283422A6}
	EndGlobalSection
EndGlobal
