
Microsoft Visual Studio Solution File, Format Version 12.00
# Visual Studio Version 17
VisualStudioVersion = 17.0.32112.339
MinimumVisualStudioVersion = 10.0.40219.1
Project("{FAE04EC0-301F-11D3-BF4B-00C04F79EFBC}") = "InheritanceTesting", "InheritanceTesting\InheritanceTesting.csproj", "{778F4C05-645B-4C67-BE2A-738AEECC5181}"
EndProject
Global
	GlobalSection(SolutionConfigurationPlatforms) = preSolution
		Debug|Any CPU = Debug|Any CPU
		Release|Any CPU = Release|Any CPU
	EndGlobalSection
	GlobalSection(ProjectConfigurationPlatforms) = postSolution
		{778F4C05-645B-4C67-BE2A-738AEECC5181}.Debug|Any CPU.ActiveCfg = Debug|Any CPU
		{778F4C05-645B-4C67-BE2A-738AEECC5181}.Debug|Any CPU.Build.0 = Debug|Any CPU
		{778F4C05-645B-4C67-BE2A-738AEECC5181}.Release|Any CPU.ActiveCfg = Release|Any CPU
		{778F4C05-645B-4C67-BE2A-738AEECC5181}.Release|Any CPU.Build.0 = Release|Any CPU
	EndGlobalSection
	GlobalSection(SolutionProperties) = preSolution
		HideSolutionNode = FALSE
	EndGlobalSection
	GlobalSection(ExtensibilityGlobals) = postSolution
		SolutionGuid = {C9F1B018-B97E-4969-8DB4-82C7DCDE3957}
	EndGlobalSection
EndGlobal
