
Microsoft Visual Studio Solution File, Format Version 12.00
# Visual Studio Version 17
VisualStudioVersion = 17.0.32112.339
MinimumVisualStudioVersion = 10.0.40219.1
Project("{FAE04EC0-301F-11D3-BF4B-00C04F79EFBC}") = "MethodTesting", "MethodTesting\MethodTesting.csproj", "{42814105-4991-490E-9B63-7866E34F7B7F}"
EndProject
Global
	GlobalSection(SolutionConfigurationPlatforms) = preSolution
		Debug|Any CPU = Debug|Any CPU
		Release|Any CPU = Release|Any CPU
	EndGlobalSection
	GlobalSection(ProjectConfigurationPlatforms) = postSolution
		{42814105-4991-490E-9B63-7866E34F7B7F}.Debug|Any CPU.ActiveCfg = Debug|Any CPU
		{42814105-4991-490E-9B63-7866E34F7B7F}.Debug|Any CPU.Build.0 = Debug|Any CPU
		{42814105-4991-490E-9B63-7866E34F7B7F}.Release|Any CPU.ActiveCfg = Release|Any CPU
		{42814105-4991-490E-9B63-7866E34F7B7F}.Release|Any CPU.Build.0 = Release|Any CPU
	EndGlobalSection
	GlobalSection(SolutionProperties) = preSolution
		HideSolutionNode = FALSE
	EndGlobalSection
	GlobalSection(ExtensibilityGlobals) = postSolution
		SolutionGuid = {6A9CA0D5-CF00-40DB-A76C-9075F5804716}
	EndGlobalSection
EndGlobal
