
Microsoft Visual Studio Solution File, Format Version 12.00
# Visual Studio Version 17
VisualStudioVersion = 17.0.32112.339
MinimumVisualStudioVersion = 10.0.40219.1
Project("{FAE04EC0-301F-11D3-BF4B-00C04F79EFBC}") = "ADOTesting", "ADOTesting\ADOTesting.csproj", "{9F8D81D9-1AFA-4225-89B8-F92E82F0038B}"
EndProject
Global
	GlobalSection(SolutionConfigurationPlatforms) = preSolution
		Debug|Any CPU = Debug|Any CPU
		Release|Any CPU = Release|Any CPU
	EndGlobalSection
	GlobalSection(ProjectConfigurationPlatforms) = postSolution
		{9F8D81D9-1AFA-4225-89B8-F92E82F0038B}.Debug|Any CPU.ActiveCfg = Debug|Any CPU
		{9F8D81D9-1AFA-4225-89B8-F92E82F0038B}.Debug|Any CPU.Build.0 = Debug|Any CPU
		{9F8D81D9-1AFA-4225-89B8-F92E82F0038B}.Release|Any CPU.ActiveCfg = Release|Any CPU
		{9F8D81D9-1AFA-4225-89B8-F92E82F0038B}.Release|Any CPU.Build.0 = Release|Any CPU
	EndGlobalSection
	GlobalSection(SolutionProperties) = preSolution
		HideSolutionNode = FALSE
	EndGlobalSection
	GlobalSection(ExtensibilityGlobals) = postSolution
		SolutionGuid = {097F7484-9EEC-41C5-84D8-3B23EE3F2F61}
	EndGlobalSection
EndGlobal
