
Microsoft Visual Studio Solution File, Format Version 12.00
# Visual Studio Version 17
VisualStudioVersion = 17.0.32112.339
MinimumVisualStudioVersion = 10.0.40219.1
Project("{FAE04EC0-301F-11D3-BF4B-00C04F79EFBC}") = "LambdaTesting", "LambdaTesting\LambdaTesting.csproj", "{91AE6027-A47F-48B5-ACFA-B08CDE4B810F}"
EndProject
Global
	GlobalSection(SolutionConfigurationPlatforms) = preSolution
		Debug|Any CPU = Debug|Any CPU
		Release|Any CPU = Release|Any CPU
	EndGlobalSection
	GlobalSection(ProjectConfigurationPlatforms) = postSolution
		{91AE6027-A47F-48B5-ACFA-B08CDE4B810F}.Debug|Any CPU.ActiveCfg = Debug|Any CPU
		{91AE6027-A47F-48B5-ACFA-B08CDE4B810F}.Debug|Any CPU.Build.0 = Debug|Any CPU
		{91AE6027-A47F-48B5-ACFA-B08CDE4B810F}.Release|Any CPU.ActiveCfg = Release|Any CPU
		{91AE6027-A47F-48B5-ACFA-B08CDE4B810F}.Release|Any CPU.Build.0 = Release|Any CPU
	EndGlobalSection
	GlobalSection(SolutionProperties) = preSolution
		HideSolutionNode = FALSE
	EndGlobalSection
	GlobalSection(ExtensibilityGlobals) = postSolution
		SolutionGuid = {89E12CB2-1BAD-4FEF-A372-FBFB299EF8C6}
	EndGlobalSection
EndGlobal
